
Microsoft Visual Studio Solution File, Format Version 12.00
# Visual Studio Version 16
VisualStudioVersion = 16.0.29613.14
MinimumVisualStudioVersion = 10.0.40219.1
Project("{FAE04EC0-301F-11D3-BF4B-00C04F79EFBC}") = "AutoBackup", "AutoBackup\AutoBackup.csproj", "{EDD19B89-9F69-41D6-B8F1-C2AF08C203B1}"
EndProject
Project("{2150E333-8FDC-42A3-9474-1A3956D46DE8}") = "Solution Items", "Solution Items", "{6BF44CA4-13C0-459E-A414-1305BA2A64EB}"
	ProjectSection(SolutionItems) = preProject
		.editorconfig = .editorconfig
	EndProjectSection
EndProject
Global
	GlobalSection(SolutionConfigurationPlatforms) = preSolution
		Debug|Any CPU = Debug|Any CPU
		Release|Any CPU = Release|Any CPU
	EndGlobalSection
	GlobalSection(ProjectConfigurationPlatforms) = postSolution
		{EDD19B89-9F69-41D6-B8F1-C2AF08C203B1}.Debug|Any CPU.ActiveCfg = Debug|Any CPU
		{EDD19B89-9F69-41D6-B8F1-C2AF08C203B1}.Debug|Any CPU.Build.0 = Debug|Any CPU
		{EDD19B89-9F69-41D6-B8F1-C2AF08C203B1}.Release|Any CPU.ActiveCfg = Release|Any CPU
		{EDD19B89-9F69-41D6-B8F1-C2AF08C203B1}.Release|Any CPU.Build.0 = Release|Any CPU
	EndGlobalSection
	GlobalSection(SolutionProperties) = preSolution
		HideSolutionNode = FALSE
	EndGlobalSection
	GlobalSection(ExtensibilityGlobals) = postSolution
		SolutionGuid = {964FC255-A124-45AF-8B38-D9C2D07A1AEC}
	EndGlobalSection
EndGlobal
